
Microsoft Visual Studio Solution File, Format Version 12.00
# Visual Studio Version 16
VisualStudioVersion = 16.0.30611.23
MinimumVisualStudioVersion = 10.0.40219.1
Project("{FAE04EC0-301F-11D3-BF4B-00C04F79EFBC}") = "StringReverse", "StringReverse\StringReverse.csproj", "{ABBFF3A1-56FB-46F2-917F-D66939FAC596}"
EndProject
Global
	GlobalSection(SolutionConfigurationPlatforms) = preSolution
		Debug|Any CPU = Debug|Any CPU
		Release|Any CPU = Release|Any CPU
	EndGlobalSection
	GlobalSection(ProjectConfigurationPlatforms) = postSolution
		{ABBFF3A1-56FB-46F2-917F-D66939FAC596}.Debug|Any CPU.ActiveCfg = Debug|Any CPU
		{ABBFF3A1-56FB-46F2-917F-D66939FAC596}.Debug|Any CPU.Build.0 = Debug|Any CPU
		{ABBFF3A1-56FB-46F2-917F-D66939FAC596}.Release|Any CPU.ActiveCfg = Release|Any CPU
		{ABBFF3A1-56FB-46F2-917F-D66939FAC596}.Release|Any CPU.Build.0 = Release|Any CPU
	EndGlobalSection
	GlobalSection(SolutionProperties) = preSolution
		HideSolutionNode = FALSE
	EndGlobalSection
	GlobalSection(ExtensibilityGlobals) = postSolution
		SolutionGuid = {3BF69073-7672-4822-9044-3888E0830DD3}
	EndGlobalSection
EndGlobal
